
Microsoft Visual Studio Solution File, Format Version 12.00
# Visual Studio Version 16
VisualStudioVersion = 16.0.29503.13
MinimumVisualStudioVersion = 10.0.40219.1
Project("{FAE04EC0-301F-11D3-BF4B-00C04F79EFBC}") = "SehirRehberi.API", "SehirRehberi.API\SehirRehberi.API.csproj", "{1FDD2F87-F79F-4300-B9AB-D371B6FFDE10}"
EndProject
Global
	GlobalSection(SolutionConfigurationPlatforms) = preSolution
		Debug|Any CPU = Debug|Any CPU
		Release|Any CPU = Release|Any CPU
	EndGlobalSection
	GlobalSection(ProjectConfigurationPlatforms) = postSolution
		{1FDD2F87-F79F-4300-B9AB-D371B6FFDE10}.Debug|Any CPU.ActiveCfg = Debug|Any CPU
		{1FDD2F87-F79F-4300-B9AB-D371B6FFDE10}.Debug|Any CPU.Build.0 = Debug|Any CPU
		{1FDD2F87-F79F-4300-B9AB-D371B6FFDE10}.Release|Any CPU.ActiveCfg = Release|Any CPU
		{1FDD2F87-F79F-4300-B9AB-D371B6FFDE10}.Release|Any CPU.Build.0 = Release|Any CPU
	EndGlobalSection
	GlobalSection(SolutionProperties) = preSolution
		HideSolutionNode = FALSE
	EndGlobalSection
	GlobalSection(ExtensibilityGlobals) = postSolution
		SolutionGuid = {1D3FEF88-6B66-4ABC-B8DA-201D9DD74BF8}
	EndGlobalSection
EndGlobal
